
Microsoft Visual Studio Solution File, Format Version 12.00
# Visual Studio Version 17
VisualStudioVersion = 17.2.32616.157
MinimumVisualStudioVersion = 10.0.40219.1
Project("{FAE04EC0-301F-11D3-BF4B-00C04F79EFBC}") = "DreamJournal", "DreamJournal\DreamJournal.csproj", "{673E9CE7-B527-4148-8DBA-1D57A0F58CBC}"
EndProject
Global
	GlobalSection(SolutionConfigurationPlatforms) = preSolution
		Debug|Any CPU = Debug|Any CPU
		Release|Any CPU = Release|Any CPU
	EndGlobalSection
	GlobalSection(ProjectConfigurationPlatforms) = postSolution
		{673E9CE7-B527-4148-8DBA-1D57A0F58CBC}.Debug|Any CPU.ActiveCfg = Debug|Any CPU
		{673E9CE7-B527-4148-8DBA-1D57A0F58CBC}.Debug|Any CPU.Build.0 = Debug|Any CPU
		{673E9CE7-B527-4148-8DBA-1D57A0F58CBC}.Release|Any CPU.ActiveCfg = Release|Any CPU
		{673E9CE7-B527-4148-8DBA-1D57A0F58CBC}.Release|Any CPU.Build.0 = Release|Any CPU
	EndGlobalSection
	GlobalSection(SolutionProperties) = preSolution
		HideSolutionNode = FALSE
	EndGlobalSection
	GlobalSection(ExtensibilityGlobals) = postSolution
		SolutionGuid = {C1D6D89B-C76A-4B08-A32C-7F4F70B953D4}
	EndGlobalSection
EndGlobal
